
Microsoft Visual Studio Solution File, Format Version 12.00
# Visual Studio 14
VisualStudioVersion = 14.0.25420.1
MinimumVisualStudioVersion = 10.0.40219.1
Project("{FAE04EC0-301F-11D3-BF4B-00C04F79EFBC}") = "RobotCtrl", "RobotCtrl\RobotCtrl.csproj", "{DDE39D9A-33DA-4757-953D-14DD1B39ABD0}"
EndProject
Project("{FAE04EC0-301F-11D3-BF4B-00C04F79EFBC}") = "RobotIO", "RobotIO\RobotIO.csproj", "{5327D517-FB76-4987-A35F-FFFDCB560DE6}"
EndProject
Project("{FAE04EC0-301F-11D3-BF4B-00C04F79EFBC}") = "RobotView", "RobotView\RobotView.csproj", "{2B930F95-ABC4-4624-9C2D-EEB262F19E5B}"
EndProject
Project("{FAE04EC0-301F-11D3-BF4B-00C04F79EFBC}") = "TestConsole", "TestConsole\TestConsole.csproj", "{DA536B17-B5D4-4CBB-A047-8EF0AFD6D03F}"
EndProject
Global
	GlobalSection(SolutionConfigurationPlatforms) = preSolution
		Debug|Any CPU = Debug|Any CPU
		Release|Any CPU = Release|Any CPU
	EndGlobalSection
	GlobalSection(ProjectConfigurationPlatforms) = postSolution
		{DDE39D9A-33DA-4757-953D-14DD1B39ABD0}.Debug|Any CPU.ActiveCfg = Debug|Any CPU
		{DDE39D9A-33DA-4757-953D-14DD1B39ABD0}.Debug|Any CPU.Build.0 = Debug|Any CPU
		{DDE39D9A-33DA-4757-953D-14DD1B39ABD0}.Debug|Any CPU.Deploy.0 = Debug|Any CPU
		{DDE39D9A-33DA-4757-953D-14DD1B39ABD0}.Release|Any CPU.ActiveCfg = Release|Any CPU
		{DDE39D9A-33DA-4757-953D-14DD1B39ABD0}.Release|Any CPU.Build.0 = Release|Any CPU
		{DDE39D9A-33DA-4757-953D-14DD1B39ABD0}.Release|Any CPU.Deploy.0 = Release|Any CPU
		{5327D517-FB76-4987-A35F-FFFDCB560DE6}.Debug|Any CPU.ActiveCfg = Debug|Any CPU
		{5327D517-FB76-4987-A35F-FFFDCB560DE6}.Debug|Any CPU.Build.0 = Debug|Any CPU
		{5327D517-FB76-4987-A35F-FFFDCB560DE6}.Debug|Any CPU.Deploy.0 = Debug|Any CPU
		{5327D517-FB76-4987-A35F-FFFDCB560DE6}.Release|Any CPU.ActiveCfg = Release|Any CPU
		{5327D517-FB76-4987-A35F-FFFDCB560DE6}.Release|Any CPU.Build.0 = Release|Any CPU
		{5327D517-FB76-4987-A35F-FFFDCB560DE6}.Release|Any CPU.Deploy.0 = Release|Any CPU
		{2B930F95-ABC4-4624-9C2D-EEB262F19E5B}.Debug|Any CPU.ActiveCfg = Debug|Any CPU
		{2B930F95-ABC4-4624-9C2D-EEB262F19E5B}.Debug|Any CPU.Build.0 = Debug|Any CPU
		{2B930F95-ABC4-4624-9C2D-EEB262F19E5B}.Debug|Any CPU.Deploy.0 = Debug|Any CPU
		{2B930F95-ABC4-4624-9C2D-EEB262F19E5B}.Release|Any CPU.ActiveCfg = Release|Any CPU
		{2B930F95-ABC4-4624-9C2D-EEB262F19E5B}.Release|Any CPU.Build.0 = Release|Any CPU
		{2B930F95-ABC4-4624-9C2D-EEB262F19E5B}.Release|Any CPU.Deploy.0 = Release|Any CPU
		{DA536B17-B5D4-4CBB-A047-8EF0AFD6D03F}.Debug|Any CPU.ActiveCfg = Debug|Any CPU
		{DA536B17-B5D4-4CBB-A047-8EF0AFD6D03F}.Debug|Any CPU.Build.0 = Debug|Any CPU
		{DA536B17-B5D4-4CBB-A047-8EF0AFD6D03F}.Debug|Any CPU.Deploy.0 = Debug|Any CPU
		{DA536B17-B5D4-4CBB-A047-8EF0AFD6D03F}.Release|Any CPU.ActiveCfg = Release|Any CPU
		{DA536B17-B5D4-4CBB-A047-8EF0AFD6D03F}.Release|Any CPU.Build.0 = Release|Any CPU
		{DA536B17-B5D4-4CBB-A047-8EF0AFD6D03F}.Release|Any CPU.Deploy.0 = Release|Any CPU
	EndGlobalSection
	GlobalSection(SolutionProperties) = preSolution
		HideSolutionNode = FALSE
	EndGlobalSection
EndGlobal
